
Microsoft Visual Studio Solution File, Format Version 12.00
# Visual Studio Version 17
VisualStudioVersion = 17.9.34723.18
MinimumVisualStudioVersion = 10.0.40219.1
Project("{FAE04EC0-301F-11D3-BF4B-00C04F79EFBC}") = "FoodShareNetAPI", "FoodShareNet\FoodShareNetAPI.csproj", "{8197B4B2-5487-4DAE-8CBA-4B6AD7F13398}"
EndProject
Project("{FAE04EC0-301F-11D3-BF4B-00C04F79EFBC}") = "FoodShareNet.Domain", "Domain\FoodShareNet.Domain.csproj", "{419313AD-A3E0-4578-903E-8341AF4ED8DF}"
EndProject
Project("{FAE04EC0-301F-11D3-BF4B-00C04F79EFBC}") = "FoodShareNet.Repository", "Repository\FoodShareNet.Repository.csproj", "{0F08D936-95A6-406F-9111-2A44EE72425E}"
EndProject
Global
	GlobalSection(SolutionConfigurationPlatforms) = preSolution
		Debug|Any CPU = Debug|Any CPU
		Release|Any CPU = Release|Any CPU
	EndGlobalSection
	GlobalSection(ProjectConfigurationPlatforms) = postSolution
		{8197B4B2-5487-4DAE-8CBA-4B6AD7F13398}.Debug|Any CPU.ActiveCfg = Debug|Any CPU
		{8197B4B2-5487-4DAE-8CBA-4B6AD7F13398}.Debug|Any CPU.Build.0 = Debug|Any CPU
		{8197B4B2-5487-4DAE-8CBA-4B6AD7F13398}.Release|Any CPU.ActiveCfg = Release|Any CPU
		{8197B4B2-5487-4DAE-8CBA-4B6AD7F13398}.Release|Any CPU.Build.0 = Release|Any CPU
		{419313AD-A3E0-4578-903E-8341AF4ED8DF}.Debug|Any CPU.ActiveCfg = Debug|Any CPU
		{419313AD-A3E0-4578-903E-8341AF4ED8DF}.Debug|Any CPU.Build.0 = Debug|Any CPU
		{419313AD-A3E0-4578-903E-8341AF4ED8DF}.Release|Any CPU.ActiveCfg = Release|Any CPU
		{419313AD-A3E0-4578-903E-8341AF4ED8DF}.Release|Any CPU.Build.0 = Release|Any CPU
		{0F08D936-95A6-406F-9111-2A44EE72425E}.Debug|Any CPU.ActiveCfg = Debug|Any CPU
		{0F08D936-95A6-406F-9111-2A44EE72425E}.Debug|Any CPU.Build.0 = Debug|Any CPU
		{0F08D936-95A6-406F-9111-2A44EE72425E}.Release|Any CPU.ActiveCfg = Release|Any CPU
		{0F08D936-95A6-406F-9111-2A44EE72425E}.Release|Any CPU.Build.0 = Release|Any CPU
	EndGlobalSection
	GlobalSection(SolutionProperties) = preSolution
		HideSolutionNode = FALSE
	EndGlobalSection
	GlobalSection(ExtensibilityGlobals) = postSolution
		SolutionGuid = {98E2CFBE-9B80-4CC7-9AA5-432A2AF6A4AD}
	EndGlobalSection
EndGlobal
